
Microsoft Visual Studio Solution File, Format Version 12.00
# Visual Studio 15
VisualStudioVersion = 15.0.28307.106
MinimumVisualStudioVersion = 10.0.40219.1
Project("{FAE04EC0-301F-11D3-BF4B-00C04F79EFBC}") = "assignment2_api", "assignment2_api\assignment2_api.csproj", "{A437B40C-9E77-4656-B42D-DBC84623A665}"
EndProject
Global
	GlobalSection(SolutionConfigurationPlatforms) = preSolution
		Debug|Any CPU = Debug|Any CPU
		Release|Any CPU = Release|Any CPU
	EndGlobalSection
	GlobalSection(ProjectConfigurationPlatforms) = postSolution
		{A437B40C-9E77-4656-B42D-DBC84623A665}.Debug|Any CPU.ActiveCfg = Debug|Any CPU
		{A437B40C-9E77-4656-B42D-DBC84623A665}.Debug|Any CPU.Build.0 = Debug|Any CPU
		{A437B40C-9E77-4656-B42D-DBC84623A665}.Release|Any CPU.ActiveCfg = Release|Any CPU
		{A437B40C-9E77-4656-B42D-DBC84623A665}.Release|Any CPU.Build.0 = Release|Any CPU
	EndGlobalSection
	GlobalSection(SolutionProperties) = preSolution
		HideSolutionNode = FALSE
	EndGlobalSection
	GlobalSection(ExtensibilityGlobals) = postSolution
		SolutionGuid = {11F8F09C-79B6-424C-9369-D31DCB8DCC1D}
	EndGlobalSection
EndGlobal
